
Microsoft Visual Studio Solution File, Format Version 12.00
# Visual Studio Version 16
VisualStudioVersion = 16.0.30907.101
MinimumVisualStudioVersion = 10.0.40219.1
Project("{FAE04EC0-301F-11D3-BF4B-00C04F79EFBC}") = "ClassMetotDemo", "ClassMetotDemo\ClassMetotDemo.csproj", "{48371A19-9ABD-42CF-B0C0-3F7E390B235E}"
EndProject
Global
	GlobalSection(SolutionConfigurationPlatforms) = preSolution
		Debug|Any CPU = Debug|Any CPU
		Release|Any CPU = Release|Any CPU
	EndGlobalSection
	GlobalSection(ProjectConfigurationPlatforms) = postSolution
		{48371A19-9ABD-42CF-B0C0-3F7E390B235E}.Debug|Any CPU.ActiveCfg = Debug|Any CPU
		{48371A19-9ABD-42CF-B0C0-3F7E390B235E}.Debug|Any CPU.Build.0 = Debug|Any CPU
		{48371A19-9ABD-42CF-B0C0-3F7E390B235E}.Release|Any CPU.ActiveCfg = Release|Any CPU
		{48371A19-9ABD-42CF-B0C0-3F7E390B235E}.Release|Any CPU.Build.0 = Release|Any CPU
	EndGlobalSection
	GlobalSection(SolutionProperties) = preSolution
		HideSolutionNode = FALSE
	EndGlobalSection
	GlobalSection(ExtensibilityGlobals) = postSolution
		SolutionGuid = {79D70E29-5F19-4718-BD04-7BAE3F990A53}
	EndGlobalSection
EndGlobal
